
Microsoft Visual Studio Solution File, Format Version 12.00
# Visual Studio Version 16
VisualStudioVersion = 16.0.31025.194
MinimumVisualStudioVersion = 10.0.40219.1
Project("{FAE04EC0-301F-11D3-BF4B-00C04F79EFBC}") = "DesibelGainCalc", "DesibelGainCalc\DesibelGainCalc.csproj", "{EFE5C489-F5FB-417F-AA5B-88A04709D3D2}"
EndProject
Global
	GlobalSection(SolutionConfigurationPlatforms) = preSolution
		Debug|Any CPU = Debug|Any CPU
		Release|Any CPU = Release|Any CPU
	EndGlobalSection
	GlobalSection(ProjectConfigurationPlatforms) = postSolution
		{EFE5C489-F5FB-417F-AA5B-88A04709D3D2}.Debug|Any CPU.ActiveCfg = Debug|Any CPU
		{EFE5C489-F5FB-417F-AA5B-88A04709D3D2}.Debug|Any CPU.Build.0 = Debug|Any CPU
		{EFE5C489-F5FB-417F-AA5B-88A04709D3D2}.Release|Any CPU.ActiveCfg = Release|Any CPU
		{EFE5C489-F5FB-417F-AA5B-88A04709D3D2}.Release|Any CPU.Build.0 = Release|Any CPU
	EndGlobalSection
	GlobalSection(SolutionProperties) = preSolution
		HideSolutionNode = FALSE
	EndGlobalSection
	GlobalSection(ExtensibilityGlobals) = postSolution
		SolutionGuid = {C359C7B2-774C-458A-8FD4-D5DA22399309}
	EndGlobalSection
EndGlobal
